// !$*UTF8*$!
{
	archiveVersion = 1;
	classes = {
	};
	objectVersion = 50;
	objects = {

/* Begin PBXBuildFile section */
		B746299A2620D69D00DD071E /* SKHUMApp.swift in Sources */ = {isa = PBXBuildFile; fileRef = B74629992620D69D00DD071E /* SKHUMApp.swift */; };
		B746299E2620D69E00DD071E /* Assets.xcassets in Resources */ = {isa = PBXBuildFile; fileRef = B746299D2620D69E00DD071E /* Assets.xcassets */; };
		B74629A12620D69E00DD071E /* Preview Assets.xcassets in Resources */ = {isa = PBXBuildFile; fileRef = B74629A02620D69E00DD071E /* Preview Assets.xcassets */; };
		B74629B22620DB6C00DD071E /* ContentView.swift in Sources */ = {isa = PBXBuildFile; fileRef = B74629B12620DB6C00DD071E /* ContentView.swift */; };
		B74629B92620DBC000DD071E /* LoginView.swift in Sources */ = {isa = PBXBuildFile; fileRef = B74629B82620DBC000DD071E /* LoginView.swift */; };
		B74629C22620DF1A00DD071E /* PostLogin.swift in Sources */ = {isa = PBXBuildFile; fileRef = B74629C12620DF1A00DD071E /* PostLogin.swift */; };
		B74629C72621734300DD071E /* MainView.swift in Sources */ = {isa = PBXBuildFile; fileRef = B74629C62621734300DD071E /* MainView.swift */; };
		B74629CA262173C500DD071E /* NavbarView.swift in Sources */ = {isa = PBXBuildFile; fileRef = B74629C9262173C500DD071E /* NavbarView.swift */; };
		B74629E2262182F400DD071E /* StateView.swift in Sources */ = {isa = PBXBuildFile; fileRef = B74629E1262182F400DD071E /* StateView.swift */; };
		B74629E8262187C500DD071E /* NoticeView.swift in Sources */ = {isa = PBXBuildFile; fileRef = B74629E7262187C500DD071E /* NoticeView.swift */; };
		B74629F22621958900DD071E /* ProgramView.swift in Sources */ = {isa = PBXBuildFile; fileRef = B74629F12621958900DD071E /* ProgramView.swift */; };
		B74629F62621965300DD071E /* ProgramCard.swift in Sources */ = {isa = PBXBuildFile; fileRef = B74629F52621965300DD071E /* ProgramCard.swift */; };
		B74629F92621D31800DD071E /* ProgramCardViewModel.swift in Sources */ = {isa = PBXBuildFile; fileRef = B74629F82621D31800DD071E /* ProgramCardViewModel.swift */; };
		B74629FD2621D37600DD071E /* ProgramModel.swift in Sources */ = {isa = PBXBuildFile; fileRef = B74629FC2621D37600DD071E /* ProgramModel.swift */; };
		B7462A012621DCA400DD071E /* NoticeDescription.swift in Sources */ = {isa = PBXBuildFile; fileRef = B7462A002621DCA400DD071E /* NoticeDescription.swift */; };
		B7462A042621ECF700DD071E /* LoginViewModel.swift in Sources */ = {isa = PBXBuildFile; fileRef = B7462A032621ECF700DD071E /* LoginViewModel.swift */; };
		B7462A072621ED6400DD071E /* UserModel.swift in Sources */ = {isa = PBXBuildFile; fileRef = B7462A062621ED6400DD071E /* UserModel.swift */; };
/* End PBXBuildFile section */

/* Begin PBXFileReference section */
		B74629962620D69D00DD071E /* SKHUM.app */ = {isa = PBXFileReference; explicitFileType = wrapper.application; includeInIndex = 0; path = SKHUM.app; sourceTree = BUILT_PRODUCTS_DIR; };
		B74629992620D69D00DD071E /* SKHUMApp.swift */ = {isa = PBXFileReference; lastKnownFileType = sourcecode.swift; path = SKHUMApp.swift; sourceTree = "<group>"; };
		B746299D2620D69E00DD071E /* Assets.xcassets */ = {isa = PBXFileReference; lastKnownFileType = folder.assetcatalog; path = Assets.xcassets; sourceTree = "<group>"; };
		B74629A02620D69E00DD071E /* Preview Assets.xcassets */ = {isa = PBXFileReference; lastKnownFileType = folder.assetcatalog; path = "Preview Assets.xcassets"; sourceTree = "<group>"; };
		B74629A22620D69E00DD071E /* Info.plist */ = {isa = PBXFileReference; lastKnownFileType = text.plist.xml; path = Info.plist; sourceTree = "<group>"; };
		B74629B12620DB6C00DD071E /* ContentView.swift */ = {isa = PBXFileReference; lastKnownFileType = sourcecode.swift; path = ContentView.swift; sourceTree = "<group>"; };
		B74629B82620DBC000DD071E /* LoginView.swift */ = {isa = PBXFileReference; lastKnownFileType = sourcecode.swift; path = LoginView.swift; sourceTree = "<group>"; };
		B74629C12620DF1A00DD071E /* PostLogin.swift */ = {isa = PBXFileReference; lastKnownFileType = sourcecode.swift; path = PostLogin.swift; sourceTree = "<group>"; };
		B74629C62621734300DD071E /* MainView.swift */ = {isa = PBXFileReference; lastKnownFileType = sourcecode.swift; path = MainView.swift; sourceTree = "<group>"; };
		B74629C9262173C500DD071E /* NavbarView.swift */ = {isa = PBXFileReference; lastKnownFileType = sourcecode.swift; path = NavbarView.swift; sourceTree = "<group>"; };
		B74629E1262182F400DD071E /* StateView.swift */ = {isa = PBXFileReference; lastKnownFileType = sourcecode.swift; path = StateView.swift; sourceTree = "<group>"; };
		B74629E7262187C500DD071E /* NoticeView.swift */ = {isa = PBXFileReference; lastKnownFileType = sourcecode.swift; path = NoticeView.swift; sourceTree = "<group>"; };
		B74629F12621958900DD071E /* ProgramView.swift */ = {isa = PBXFileReference; lastKnownFileType = sourcecode.swift; path = ProgramView.swift; sourceTree = "<group>"; };
		B74629F52621965300DD071E /* ProgramCard.swift */ = {isa = PBXFileReference; lastKnownFileType = sourcecode.swift; path = ProgramCard.swift; sourceTree = "<group>"; };
		B74629F82621D31800DD071E /* ProgramCardViewModel.swift */ = {isa = PBXFileReference; lastKnownFileType = sourcecode.swift; path = ProgramCardViewModel.swift; sourceTree = "<group>"; };
		B74629FC2621D37600DD071E /* ProgramModel.swift */ = {isa = PBXFileReference; lastKnownFileType = sourcecode.swift; path = ProgramModel.swift; sourceTree = "<group>"; };
		B7462A002621DCA400DD071E /* NoticeDescription.swift */ = {isa = PBXFileReference; lastKnownFileType = sourcecode.swift; path = NoticeDescription.swift; sourceTree = "<group>"; };
		B7462A032621ECF700DD071E /* LoginViewModel.swift */ = {isa = PBXFileReference; lastKnownFileType = sourcecode.swift; path = LoginViewModel.swift; sourceTree = "<group>"; };
		B7462A062621ED6400DD071E /* UserModel.swift */ = {isa = PBXFileReference; lastKnownFileType = sourcecode.swift; path = UserModel.swift; sourceTree = "<group>"; };
/* End PBXFileReference section */

/* Begin PBXFrameworksBuildPhase section */
		B74629932620D69D00DD071E /* Frameworks */ = {
			isa = PBXFrameworksBuildPhase;
			buildActionMask = 2147483647;
			files = (
			);
			runOnlyForDeploymentPostprocessing = 0;
		};
/* End PBXFrameworksBuildPhase section */

/* Begin PBXGroup section */
		B746298D2620D69D00DD071E = {
			isa = PBXGroup;
			children = (
				B74629982620D69D00DD071E /* SKHUM */,
				B74629972620D69D00DD071E /* Products */,
			);
			sourceTree = "<group>";
		};
		B74629972620D69D00DD071E /* Products */ = {
			isa = PBXGroup;
			children = (
				B74629962620D69D00DD071E /* SKHUM.app */,
			);
			name = Products;
			sourceTree = "<group>";
		};
		B74629982620D69D00DD071E /* SKHUM */ = {
			isa = PBXGroup;
			children = (
				B74629C02620DEF800DD071E /* ViewModel */,
				B74629BB2620DE3200DD071E /* Model */,
				B74629B42620DB8A00DD071E /* View */,
				B74629992620D69D00DD071E /* SKHUMApp.swift */,
				B74629B12620DB6C00DD071E /* ContentView.swift */,
				B746299D2620D69E00DD071E /* Assets.xcassets */,
				B74629A22620D69E00DD071E /* Info.plist */,
				B746299F2620D69E00DD071E /* Preview Content */,
			);
			path = SKHUM;
			sourceTree = "<group>";
		};
		B746299F2620D69E00DD071E /* Preview Content */ = {
			isa = PBXGroup;
			children = (
				B74629A02620D69E00DD071E /* Preview Assets.xcassets */,
			);
			path = "Preview Content";
			sourceTree = "<group>";
		};
		B74629B42620DB8A00DD071E /* View */ = {
			isa = PBXGroup;
			children = (
				B74629F02621957B00DD071E /* Program */,
				B74629E6262187BD00DD071E /* Notice */,
				B74629E0262182EC00DD071E /* State */,
				B74629D126217AC700DD071E /* Main */,
				B74629B82620DBC000DD071E /* LoginView.swift */,
				B74629C62621734300DD071E /* MainView.swift */,
			);
			path = View;
			sourceTree = "<group>";
		};
		B74629BB2620DE3200DD071E /* Model */ = {
			isa = PBXGroup;
			children = (
				B74629FC2621D37600DD071E /* ProgramModel.swift */,
				B7462A062621ED6400DD071E /* UserModel.swift */,
			);
			path = Model;
			sourceTree = "<group>";
		};
		B74629C02620DEF800DD071E /* ViewModel */ = {
			isa = PBXGroup;
			children = (
				B74629F82621D31800DD071E /* ProgramCardViewModel.swift */,
				B74629C12620DF1A00DD071E /* PostLogin.swift */,
				B7462A032621ECF700DD071E /* LoginViewModel.swift */,
			);
			path = ViewModel;
			sourceTree = "<group>";
		};
		B74629D126217AC700DD071E /* Main */ = {
			isa = PBXGroup;
			children = (
				B74629C9262173C500DD071E /* NavbarView.swift */,
			);
			path = Main;
			sourceTree = "<group>";
		};
		B74629E0262182EC00DD071E /* State */ = {
			isa = PBXGroup;
			children = (
				B74629E1262182F400DD071E /* StateView.swift */,
			);
			path = State;
			sourceTree = "<group>";
		};
		B74629E6262187BD00DD071E /* Notice */ = {
			isa = PBXGroup;
			children = (
				B74629E7262187C500DD071E /* NoticeView.swift */,
				B7462A002621DCA400DD071E /* NoticeDescription.swift */,
			);
			path = Notice;
			sourceTree = "<group>";
		};
		B74629F02621957B00DD071E /* Program */ = {
			isa = PBXGroup;
			children = (
				B74629F12621958900DD071E /* ProgramView.swift */,
				B74629F52621965300DD071E /* ProgramCard.swift */,
			);
			path = Program;
			sourceTree = "<group>";
		};
/* End PBXGroup section */

/* Begin PBXNativeTarget section */
		B74629952620D69D00DD071E /* SKHUM */ = {
			isa = PBXNativeTarget;
			buildConfigurationList = B74629A52620D69E00DD071E /* Build configuration list for PBXNativeTarget "SKHUM" */;
			buildPhases = (
				B74629922620D69D00DD071E /* Sources */,
				B74629932620D69D00DD071E /* Frameworks */,
				B74629942620D69D00DD071E /* Resources */,
			);
			buildRules = (
			);
			dependencies = (
			);
			name = SKHUM;
			productName = SKHUM;
			productReference = B74629962620D69D00DD071E /* SKHUM.app */;
			productType = "com.apple.product-type.application";
		};
/* End PBXNativeTarget section */

/* Begin PBXProject section */
		B746298E2620D69D00DD071E /* Project object */ = {
			isa = PBXProject;
			attributes = {
				LastSwiftUpdateCheck = 1240;
				LastUpgradeCheck = 1240;
				TargetAttributes = {
					B74629952620D69D00DD071E = {
						CreatedOnToolsVersion = 12.4;
					};
				};
			};
			buildConfigurationList = B74629912620D69D00DD071E /* Build configuration list for PBXProject "SKHUM" */;
			compatibilityVersion = "Xcode 9.3";
			developmentRegion = en;
			hasScannedForEncodings = 0;
			knownRegions = (
				en,
				Base,
			);
			mainGroup = B746298D2620D69D00DD071E;
			productRefGroup = B74629972620D69D00DD071E /* Products */;
			projectDirPath = "";
			projectRoot = "";
			targets = (
				B74629952620D69D00DD071E /* SKHUM */,
			);
		};
/* End PBXProject section */

/* Begin PBXResourcesBuildPhase section */
		B74629942620D69D00DD071E /* Resources */ = {
			isa = PBXResourcesBuildPhase;
			buildActionMask = 2147483647;
			files = (
				B74629A12620D69E00DD071E /* Preview Assets.xcassets in Resources */,
				B746299E2620D69E00DD071E /* Assets.xcassets in Resources */,
			);
			runOnlyForDeploymentPostprocessing = 0;
		};
/* End PBXResourcesBuildPhase section */

/* Begin PBXSourcesBuildPhase section */
		B74629922620D69D00DD071E /* Sources */ = {
			isa = PBXSourcesBuildPhase;
			buildActionMask = 2147483647;
			files = (
				B74629F92621D31800DD071E /* ProgramCardViewModel.swift in Sources */,
				B74629F62621965300DD071E /* ProgramCard.swift in Sources */,
				B74629FD2621D37600DD071E /* ProgramModel.swift in Sources */,
				B74629C72621734300DD071E /* MainView.swift in Sources */,
				B74629B92620DBC000DD071E /* LoginView.swift in Sources */,
				B74629CA262173C500DD071E /* NavbarView.swift in Sources */,
				B7462A042621ECF700DD071E /* LoginViewModel.swift in Sources */,
				B746299A2620D69D00DD071E /* SKHUMApp.swift in Sources */,
				B74629E2262182F400DD071E /* StateView.swift in Sources */,
				B74629C22620DF1A00DD071E /* PostLogin.swift in Sources */,
				B74629E8262187C500DD071E /* NoticeView.swift in Sources */,
				B7462A012621DCA400DD071E /* NoticeDescription.swift in Sources */,
				B74629B22620DB6C00DD071E /* ContentView.swift in Sources */,
				B7462A072621ED6400DD071E /* UserModel.swift in Sources */,
				B74629F22621958900DD071E /* ProgramView.swift in Sources */,
			);
			runOnlyForDeploymentPostprocessing = 0;
		};
/* End PBXSourcesBuildPhase section */

/* Begin XCBuildConfiguration section */
		B74629A32620D69E00DD071E /* Debug */ = {
			isa = XCBuildConfiguration;
			buildSettings = {
				ALWAYS_SEARCH_USER_PATHS = NO;
				CLANG_ANALYZER_NONNULL = YES;
				CLANG_ANALYZER_NUMBER_OBJECT_CONVERSION = YES_AGGRESSIVE;
				CLANG_CXX_LANGUAGE_STANDARD = "gnu++14";
				CLANG_CXX_LIBRARY = "libc++";
				CLANG_ENABLE_MODULES = YES;
				CLANG_ENABLE_OBJC_ARC = YES;
				CLANG_ENABLE_OBJC_WEAK = YES;
				CLANG_WARN_BLOCK_CAPTURE_AUTORELEASING = YES;
				CLANG_WARN_BOOL_CONVERSION = YES;
				CLANG_WARN_COMMA = YES;
				CLANG_WARN_CONSTANT_CONVERSION = YES;
				CLANG_WARN_DEPRECATED_OBJC_IMPLEMENTATIONS = YES;
				CLANG_WARN_DIRECT_OBJC_ISA_USAGE = YES_ERROR;
				CLANG_WARN_DOCUMENTATION_COMMENTS = YES;
				CLANG_WARN_EMPTY_BODY = YES;
				CLANG_WARN_ENUM_CONVERSION = YES;
				CLANG_WARN_INFINITE_RECURSION = YES;
				CLANG_WARN_INT_CONVERSION = YES;
				CLANG_WARN_NON_LITERAL_NULL_CONVERSION = YES;
				CLANG_WARN_OBJC_IMPLICIT_RETAIN_SELF = YES;
				CLANG_WARN_OBJC_LITERAL_CONVERSION = YES;
				CLANG_WARN_OBJC_ROOT_CLASS = YES_ERROR;
				CLANG_WARN_QUOTED_INCLUDE_IN_FRAMEWORK_HEADER = YES;
				CLANG_WARN_RANGE_LOOP_ANALYSIS = YES;
				CLANG_WARN_STRICT_PROTOTYPES = YES;
				CLANG_WARN_SUSPICIOUS_MOVE = YES;
				CLANG_WARN_UNGUARDED_AVAILABILITY = YES_AGGRESSIVE;
				CLANG_WARN_UNREACHABLE_CODE = YES;
				CLANG_WARN__DUPLICATE_METHOD_MATCH = YES;
				COPY_PHASE_STRIP = NO;
				DEBUG_INFORMATION_FORMAT = dwarf;
				ENABLE_STRICT_OBJC_MSGSEND = YES;
				ENABLE_TESTABILITY = YES;
				GCC_C_LANGUAGE_STANDARD = gnu11;
				GCC_DYNAMIC_NO_PIC = NO;
				GCC_NO_COMMON_BLOCKS = YES;
				GCC_OPTIMIZATION_LEVEL = 0;
				GCC_PREPROCESSOR_DEFINITIONS = (
					"DEBUG=1",
					"$(inherited)",
				);
				GCC_WARN_64_TO_32_BIT_CONVERSION = YES;
				GCC_WARN_ABOUT_RETURN_TYPE = YES_ERROR;
				GCC_WARN_UNDECLARED_SELECTOR = YES;
				GCC_WARN_UNINITIALIZED_AUTOS = YES_AGGRESSIVE;
				GCC_WARN_UNUSED_FUNCTION = YES;
				GCC_WARN_UNUSED_VARIABLE = YES;
				IPHONEOS_DEPLOYMENT_TARGET = 14.4;
				MTL_ENABLE_DEBUG_INFO = INCLUDE_SOURCE;
				MTL_FAST_MATH = YES;
				ONLY_ACTIVE_ARCH = YES;
				SDKROOT = iphoneos;
				SWIFT_ACTIVE_COMPILATION_CONDITIONS = DEBUG;
				SWIFT_OPTIMIZATION_LEVEL = "-Onone";
			};
			name = Debug;
		};
		B74629A42620D69E00DD071E /* Release */ = {
			isa = XCBuildConfiguration;
			buildSettings = {
				ALWAYS_SEARCH_USER_PATHS = NO;
				CLANG_ANALYZER_NONNULL = YES;
				CLANG_ANALYZER_NUMBER_OBJECT_CONVERSION = YES_AGGRESSIVE;
				CLANG_CXX_LANGUAGE_STANDARD = "gnu++14";
				CLANG_CXX_LIBRARY = "libc++";
				CLANG_ENABLE_MODULES = YES;
				CLANG_ENABLE_OBJC_ARC = YES;
				CLANG_ENABLE_OBJC_WEAK = YES;
				CLANG_WARN_BLOCK_CAPTURE_AUTORELEASING = YES;
				CLANG_WARN_BOOL_CONVERSION = YES;
				CLANG_WARN_COMMA = YES;
				CLANG_WARN_CONSTANT_CONVERSION = YES;
				CLANG_WARN_DEPRECATED_OBJC_IMPLEMENTATIONS = YES;
				CLANG_WARN_DIRECT_OBJC_ISA_USAGE = YES_ERROR;
				CLANG_WARN_DOCUMENTATION_COMMENTS = YES;
				CLANG_WARN_EMPTY_BODY = YES;
				CLANG_WARN_ENUM_CONVERSION = YES;
				CLANG_WARN_INFINITE_RECURSION = YES;
				CLANG_WARN_INT_CONVERSION = YES;
				CLANG_WARN_NON_LITERAL_NULL_CONVERSION = YES;
				CLANG_WARN_OBJC_IMPLICIT_RETAIN_SELF = YES;
				CLANG_WARN_OBJC_LITERAL_CONVERSION = YES;
				CLANG_WARN_OBJC_ROOT_CLASS = YES_ERROR;
				CLANG_WARN_QUOTED_INCLUDE_IN_FRAMEWORK_HEADER = YES;
				CLANG_WARN_RANGE_LOOP_ANALYSIS = YES;
				CLANG_WARN_STRICT_PROTOTYPES = YES;
				CLANG_WARN_SUSPICIOUS_MOVE = YES;
				CLANG_WARN_UNGUARDED_AVAILABILITY = YES_AGGRESSIVE;
				CLANG_WARN_UNREACHABLE_CODE = YES;
				CLANG_WARN__DUPLICATE_METHOD_MATCH = YES;
				COPY_PHASE_STRIP = NO;
				DEBUG_INFORMATION_FORMAT = "dwarf-with-dsym";
				ENABLE_NS_ASSERTIONS = NO;
				ENABLE_STRICT_OBJC_MSGSEND = YES;
				GCC_C_LANGUAGE_STANDARD = gnu11;
				GCC_NO_COMMON_BLOCKS = YES;
				GCC_WARN_64_TO_32_BIT_CONVERSION = YES;
				GCC_WARN_ABOUT_RETURN_TYPE = YES_ERROR;
				GCC_WARN_UNDECLARED_SELECTOR = YES;
				GCC_WARN_UNINITIALIZED_AUTOS = YES_AGGRESSIVE;
				GCC_WARN_UNUSED_FUNCTION = YES;
				GCC_WARN_UNUSED_VARIABLE = YES;
				IPHONEOS_DEPLOYMENT_TARGET = 14.4;
				MTL_ENABLE_DEBUG_INFO = NO;
				MTL_FAST_MATH = YES;
				SDKROOT = iphoneos;
				SWIFT_COMPILATION_MODE = wholemodule;
				SWIFT_OPTIMIZATION_LEVEL = "-O";
				VALIDATE_PRODUCT = YES;
			};
			name = Release;
		};
		B74629A62620D69E00DD071E /* Debug */ = {
			isa = XCBuildConfiguration;
			buildSettings = {
				ASSETCATALOG_COMPILER_APPICON_NAME = AppIcon;
				ASSETCATALOG_COMPILER_GLOBAL_ACCENT_COLOR_NAME = AccentColor;
				CODE_SIGN_STYLE = Automatic;
				DEVELOPMENT_ASSET_PATHS = "\"SKHUM/Preview Content\"";
				ENABLE_PREVIEWS = YES;
				INFOPLIST_FILE = SKHUM/Info.plist;
				IPHONEOS_DEPLOYMENT_TARGET = 14.0;
				LD_RUNPATH_SEARCH_PATHS = (
					"$(inherited)",
					"@executable_path/Frameworks",
				);
				PRODUCT_BUNDLE_IDENTIFIER = com.judongseok.SKHUM;
				PRODUCT_NAME = "$(TARGET_NAME)";
				SWIFT_VERSION = 5.0;
				TARGETED_DEVICE_FAMILY = "1,2";
			};
			name = Debug;
		};
		B74629A72620D69E00DD071E /* Release */ = {
			isa = XCBuildConfiguration;
			buildSettings = {
				ASSETCATALOG_COMPILER_APPICON_NAME = AppIcon;
				ASSETCATALOG_COMPILER_GLOBAL_ACCENT_COLOR_NAME = AccentColor;
				CODE_SIGN_STYLE = Automatic;
				DEVELOPMENT_ASSET_PATHS = "\"SKHUM/Preview Content\"";
				ENABLE_PREVIEWS = YES;
				INFOPLIST_FILE = SKHUM/Info.plist;
				IPHONEOS_DEPLOYMENT_TARGET = 14.0;
				LD_RUNPATH_SEARCH_PATHS = (
					"$(inherited)",
					"@executable_path/Frameworks",
				);
				PRODUCT_BUNDLE_IDENTIFIER = com.judongseok.SKHUM;
				PRODUCT_NAME = "$(TARGET_NAME)";
				SWIFT_VERSION = 5.0;
				TARGETED_DEVICE_FAMILY = "1,2";
			};
			name = Release;
		};
/* End XCBuildConfiguration section */

/* Begin XCConfigurationList section */
		B74629912620D69D00DD071E /* Build configuration list for PBXProject "SKHUM" */ = {
			isa = XCConfigurationList;
			buildConfigurations = (
				B74629A32620D69E00DD071E /* Debug */,
				B74629A42620D69E00DD071E /* Release */,
			);
			defaultConfigurationIsVisible = 0;
			defaultConfigurationName = Release;
		};
		B74629A52620D69E00DD071E /* Build configuration list for PBXNativeTarget "SKHUM" */ = {
			isa = XCConfigurationList;
			buildConfigurations = (
				B74629A62620D69E00DD071E /* Debug */,
				B74629A72620D69E00DD071E /* Release */,
			);
			defaultConfigurationIsVisible = 0;
			defaultConfigurationName = Release;
		};
/* End XCConfigurationList section */
	};
	rootObject = B746298E2620D69D00DD071E /* Project object */;
}
